// !$*UTF8*$!
{
	archiveVersion = 1;
	classes = {
	};
	objectVersion = 56;
	objects = {

/* Begin PBXBuildFile section */
		ABAC0CDB2C3CD68400A38E09 /* VisualTraceApp.swift in Sources */ = {isa = PBXBuildFile; fileRef = ABAC0CDA2C3CD68400A38E09 /* VisualTraceApp.swift */; };
		ABAC0CDD2C3CD68400A38E09 /* ContentView.swift in Sources */ = {isa = PBXBuildFile; fileRef = ABAC0CDC2C3CD68400A38E09 /* ContentView.swift */; };
		ABAC0CDF2C3CD68500A38E09 /* Assets.xcassets in Resources */ = {isa = PBXBuildFile; fileRef = ABAC0CDE2C3CD68500A38E09 /* Assets.xcassets */; };
		ABAC0CE22C3CD68500A38E09 /* Preview Assets.xcassets in Resources */ = {isa = PBXBuildFile; fileRef = ABAC0CE12C3CD68500A38E09 /* Preview Assets.xcassets */; };
		ABAC0CEC2C3CD68600A38E09 /* VisualTraceTests.swift in Sources */ = {isa = PBXBuildFile; fileRef = ABAC0CEB2C3CD68600A38E09 /* VisualTraceTests.swift */; };
		ABAC0CF62C3CD68600A38E09 /* VisualTraceUITests.swift in Sources */ = {isa = PBXBuildFile; fileRef = ABAC0CF52C3CD68600A38E09 /* VisualTraceUITests.swift */; };
		ABAC0CF82C3CD68600A38E09 /* VisualTraceUITestsLaunchTests.swift in Sources */ = {isa = PBXBuildFile; fileRef = ABAC0CF72C3CD68600A38E09 /* VisualTraceUITestsLaunchTests.swift */; };
/* End PBXBuildFile section */

/* Begin PBXContainerItemProxy section */
		ABAC0CE82C3CD68600A38E09 /* PBXContainerItemProxy */ = {
			isa = PBXContainerItemProxy;
			containerPortal = ABAC0CCF2C3CD68400A38E09 /* Project object */;
			proxyType = 1;
			remoteGlobalIDString = ABAC0CD62C3CD68400A38E09;
			remoteInfo = VisualTrace;
		};
		ABAC0CF22C3CD68600A38E09 /* PBXContainerItemProxy */ = {
			isa = PBXContainerItemProxy;
			containerPortal = ABAC0CCF2C3CD68400A38E09 /* Project object */;
			proxyType = 1;
			remoteGlobalIDString = ABAC0CD62C3CD68400A38E09;
			remoteInfo = VisualTrace;
		};
/* End PBXContainerItemProxy section */

/* Begin PBXFileReference section */
		ABAC0CD72C3CD68400A38E09 /* VisualTrace.app */ = {isa = PBXFileReference; explicitFileType = wrapper.application; includeInIndex = 0; path = VisualTrace.app; sourceTree = BUILT_PRODUCTS_DIR; };
		ABAC0CDA2C3CD68400A38E09 /* VisualTraceApp.swift */ = {isa = PBXFileReference; lastKnownFileType = sourcecode.swift; path = VisualTraceApp.swift; sourceTree = "<group>"; };
		ABAC0CDC2C3CD68400A38E09 /* ContentView.swift */ = {isa = PBXFileReference; lastKnownFileType = sourcecode.swift; path = ContentView.swift; sourceTree = "<group>"; };
		ABAC0CDE2C3CD68500A38E09 /* Assets.xcassets */ = {isa = PBXFileReference; lastKnownFileType = folder.assetcatalog; path = Assets.xcassets; sourceTree = "<group>"; };
		ABAC0CE12C3CD68500A38E09 /* Preview Assets.xcassets */ = {isa = PBXFileReference; lastKnownFileType = folder.assetcatalog; path = "Preview Assets.xcassets"; sourceTree = "<group>"; };
		ABAC0CE72C3CD68600A38E09 /* VisualTraceTests.xctest */ = {isa = PBXFileReference; explicitFileType = wrapper.cfbundle; includeInIndex = 0; path = VisualTraceTests.xctest; sourceTree = BUILT_PRODUCTS_DIR; };
		ABAC0CEB2C3CD68600A38E09 /* VisualTraceTests.swift */ = {isa = PBXFileReference; lastKnownFileType = sourcecode.swift; path = VisualTraceTests.swift; sourceTree = "<group>"; };
		ABAC0CF12C3CD68600A38E09 /* VisualTraceUITests.xctest */ = {isa = PBXFileReference; explicitFileType = wrapper.cfbundle; includeInIndex = 0; path = VisualTraceUITests.xctest; sourceTree = BUILT_PRODUCTS_DIR; };
		ABAC0CF52C3CD68600A38E09 /* VisualTraceUITests.swift */ = {isa = PBXFileReference; lastKnownFileType = sourcecode.swift; path = VisualTraceUITests.swift; sourceTree = "<group>"; };
		ABAC0CF72C3CD68600A38E09 /* VisualTraceUITestsLaunchTests.swift */ = {isa = PBXFileReference; lastKnownFileType = sourcecode.swift; path = VisualTraceUITestsLaunchTests.swift; sourceTree = "<group>"; };
/* End PBXFileReference section */

/* Begin PBXFrameworksBuildPhase section */
		ABAC0CD42C3CD68400A38E09 /* Frameworks */ = {
			isa = PBXFrameworksBuildPhase;
			buildActionMask = 2147483647;
			files = (
			);
			runOnlyForDeploymentPostprocessing = 0;
		};
		ABAC0CE42C3CD68600A38E09 /* Frameworks */ = {
			isa = PBXFrameworksBuildPhase;
			buildActionMask = 2147483647;
			files = (
			);
			runOnlyForDeploymentPostprocessing = 0;
		};
		ABAC0CEE2C3CD68600A38E09 /* Frameworks */ = {
			isa = PBXFrameworksBuildPhase;
			buildActionMask = 2147483647;
			files = (
			);
			runOnlyForDeploymentPostprocessing = 0;
		};
/* End PBXFrameworksBuildPhase section */

/* Begin PBXGroup section */
		ABAC0CCE2C3CD68400A38E09 = {
			isa = PBXGroup;
			children = (
				ABAC0CD92C3CD68400A38E09 /* VisualTrace */,
				ABAC0CEA2C3CD68600A38E09 /* VisualTraceTests */,
				ABAC0CF42C3CD68600A38E09 /* VisualTraceUITests */,
				ABAC0CD82C3CD68400A38E09 /* Products */,
			);
			sourceTree = "<group>";
		};
		ABAC0CD82C3CD68400A38E09 /* Products */ = {
			isa = PBXGroup;
			children = (
				ABAC0CD72C3CD68400A38E09 /* VisualTrace.app */,
				ABAC0CE72C3CD68600A38E09 /* VisualTraceTests.xctest */,
				ABAC0CF12C3CD68600A38E09 /* VisualTraceUITests.xctest */,
			);
			name = Products;
			sourceTree = "<group>";
		};
		ABAC0CD92C3CD68400A38E09 /* VisualTrace */ = {
			isa = PBXGroup;
			children = (
				ABAC0CDA2C3CD68400A38E09 /* VisualTraceApp.swift */,
				ABAC0CDC2C3CD68400A38E09 /* ContentView.swift */,
				ABAC0CDE2C3CD68500A38E09 /* Assets.xcassets */,
				ABAC0CE02C3CD68500A38E09 /* Preview Content */,
			);
			path = VisualTrace;
			sourceTree = "<group>";
		};
		ABAC0CE02C3CD68500A38E09 /* Preview Content */ = {
			isa = PBXGroup;
			children = (
				ABAC0CE12C3CD68500A38E09 /* Preview Assets.xcassets */,
			);
			path = "Preview Content";
			sourceTree = "<group>";
		};
		ABAC0CEA2C3CD68600A38E09 /* VisualTraceTests */ = {
			isa = PBXGroup;
			children = (
				ABAC0CEB2C3CD68600A38E09 /* VisualTraceTests.swift */,
			);
			path = VisualTraceTests;
			sourceTree = "<group>";
		};
		ABAC0CF42C3CD68600A38E09 /* VisualTraceUITests */ = {
			isa = PBXGroup;
			children = (
				ABAC0CF52C3CD68600A38E09 /* VisualTraceUITests.swift */,
				ABAC0CF72C3CD68600A38E09 /* VisualTraceUITestsLaunchTests.swift */,
			);
			path = VisualTraceUITests;
			sourceTree = "<group>";
		};
/* End PBXGroup section */

/* Begin PBXNativeTarget section */
		ABAC0CD62C3CD68400A38E09 /* VisualTrace */ = {
			isa = PBXNativeTarget;
			buildConfigurationList = ABAC0CFB2C3CD68600A38E09 /* Build configuration list for PBXNativeTarget "VisualTrace" */;
			buildPhases = (
				ABAC0CD32C3CD68400A38E09 /* Sources */,
				ABAC0CD42C3CD68400A38E09 /* Frameworks */,
				ABAC0CD52C3CD68400A38E09 /* Resources */,
			);
			buildRules = (
			);
			dependencies = (
			);
			name = VisualTrace;
			productName = VisualTrace;
			productReference = ABAC0CD72C3CD68400A38E09 /* VisualTrace.app */;
			productType = "com.apple.product-type.application";
		};
		ABAC0CE62C3CD68600A38E09 /* VisualTraceTests */ = {
			isa = PBXNativeTarget;
			buildConfigurationList = ABAC0CFE2C3CD68600A38E09 /* Build configuration list for PBXNativeTarget "VisualTraceTests" */;
			buildPhases = (
				ABAC0CE32C3CD68600A38E09 /* Sources */,
				ABAC0CE42C3CD68600A38E09 /* Frameworks */,
				ABAC0CE52C3CD68600A38E09 /* Resources */,
			);
			buildRules = (
			);
			dependencies = (
				ABAC0CE92C3CD68600A38E09 /* PBXTargetDependency */,
			);
			name = VisualTraceTests;
			productName = VisualTraceTests;
			productReference = ABAC0CE72C3CD68600A38E09 /* VisualTraceTests.xctest */;
			productType = "com.apple.product-type.bundle.unit-test";
		};
		ABAC0CF02C3CD68600A38E09 /* VisualTraceUITests */ = {
			isa = PBXNativeTarget;
			buildConfigurationList = ABAC0D012C3CD68600A38E09 /* Build configuration list for PBXNativeTarget "VisualTraceUITests" */;
			buildPhases = (
				ABAC0CED2C3CD68600A38E09 /* Sources */,
				ABAC0CEE2C3CD68600A38E09 /* Frameworks */,
				ABAC0CEF2C3CD68600A38E09 /* Resources */,
			);
			buildRules = (
			);
			dependencies = (
				ABAC0CF32C3CD68600A38E09 /* PBXTargetDependency */,
			);
			name = VisualTraceUITests;
			productName = VisualTraceUITests;
			productReference = ABAC0CF12C3CD68600A38E09 /* VisualTraceUITests.xctest */;
			productType = "com.apple.product-type.bundle.ui-testing";
		};
/* End PBXNativeTarget section */

/* Begin PBXProject section */
		ABAC0CCF2C3CD68400A38E09 /* Project object */ = {
			isa = PBXProject;
			attributes = {
				BuildIndependentTargetsInParallel = 1;
				LastSwiftUpdateCheck = 1540;
				LastUpgradeCheck = 1540;
				TargetAttributes = {
					ABAC0CD62C3CD68400A38E09 = {
						CreatedOnToolsVersion = 15.4;
					};
					ABAC0CE62C3CD68600A38E09 = {
						CreatedOnToolsVersion = 15.4;
						TestTargetID = ABAC0CD62C3CD68400A38E09;
					};
					ABAC0CF02C3CD68600A38E09 = {
						CreatedOnToolsVersion = 15.4;
						TestTargetID = ABAC0CD62C3CD68400A38E09;
					};
				};
			};
			buildConfigurationList = ABAC0CD22C3CD68400A38E09 /* Build configuration list for PBXProject "VisualTrace" */;
			compatibilityVersion = "Xcode 14.0";
			developmentRegion = en;
			hasScannedForEncodings = 0;
			knownRegions = (
				en,
				Base,
			);
			mainGroup = ABAC0CCE2C3CD68400A38E09;
			productRefGroup = ABAC0CD82C3CD68400A38E09 /* Products */;
			projectDirPath = "";
			projectRoot = "";
			targets = (
				ABAC0CD62C3CD68400A38E09 /* VisualTrace */,
				ABAC0CE62C3CD68600A38E09 /* VisualTraceTests */,
				ABAC0CF02C3CD68600A38E09 /* VisualTraceUITests */,
			);
		};
/* End PBXProject section */

/* Begin PBXResourcesBuildPhase section */
		ABAC0CD52C3CD68400A38E09 /* Resources */ = {
			isa = PBXResourcesBuildPhase;
			buildActionMask = 2147483647;
			files = (
				ABAC0CE22C3CD68500A38E09 /* Preview Assets.xcassets in Resources */,
				ABAC0CDF2C3CD68500A38E09 /* Assets.xcassets in Resources */,
			);
			runOnlyForDeploymentPostprocessing = 0;
		};
		ABAC0CE52C3CD68600A38E09 /* Resources */ = {
			isa = PBXResourcesBuildPhase;
			buildActionMask = 2147483647;
			files = (
			);
			runOnlyForDeploymentPostprocessing = 0;
		};
		ABAC0CEF2C3CD68600A38E09 /* Resources */ = {
			isa = PBXResourcesBuildPhase;
			buildActionMask = 2147483647;
			files = (
			);
			runOnlyForDeploymentPostprocessing = 0;
		};
/* End PBXResourcesBuildPhase section */

/* Begin PBXSourcesBuildPhase section */
		ABAC0CD32C3CD68400A38E09 /* Sources */ = {
			isa = PBXSourcesBuildPhase;
			buildActionMask = 2147483647;
			files = (
				ABAC0CDD2C3CD68400A38E09 /* ContentView.swift in Sources */,
				ABAC0CDB2C3CD68400A38E09 /* VisualTraceApp.swift in Sources */,
			);
			runOnlyForDeploymentPostprocessing = 0;
		};
		ABAC0CE32C3CD68600A38E09 /* Sources */ = {
			isa = PBXSourcesBuildPhase;
			buildActionMask = 2147483647;
			files = (
				ABAC0CEC2C3CD68600A38E09 /* VisualTraceTests.swift in Sources */,
			);
			runOnlyForDeploymentPostprocessing = 0;
		};
		ABAC0CED2C3CD68600A38E09 /* Sources */ = {
			isa = PBXSourcesBuildPhase;
			buildActionMask = 2147483647;
			files = (
				ABAC0CF82C3CD68600A38E09 /* VisualTraceUITestsLaunchTests.swift in Sources */,
				ABAC0CF62C3CD68600A38E09 /* VisualTraceUITests.swift in Sources */,
			);
			runOnlyForDeploymentPostprocessing = 0;
		};
/* End PBXSourcesBuildPhase section */

/* Begin PBXTargetDependency section */
		ABAC0CE92C3CD68600A38E09 /* PBXTargetDependency */ = {
			isa = PBXTargetDependency;
			target = ABAC0CD62C3CD68400A38E09 /* VisualTrace */;
			targetProxy = ABAC0CE82C3CD68600A38E09 /* PBXContainerItemProxy */;
		};
		ABAC0CF32C3CD68600A38E09 /* PBXTargetDependency */ = {
			isa = PBXTargetDependency;
			target = ABAC0CD62C3CD68400A38E09 /* VisualTrace */;
			targetProxy = ABAC0CF22C3CD68600A38E09 /* PBXContainerItemProxy */;
		};
/* End PBXTargetDependency section */

/* Begin XCBuildConfiguration section */
		ABAC0CF92C3CD68600A38E09 /* Debug */ = {
			isa = XCBuildConfiguration;
			buildSettings = {
				ALWAYS_SEARCH_USER_PATHS = NO;
				ASSETCATALOG_COMPILER_GENERATE_SWIFT_ASSET_SYMBOL_EXTENSIONS = YES;
				CLANG_ANALYZER_NONNULL = YES;
				CLANG_ANALYZER_NUMBER_OBJECT_CONVERSION = YES_AGGRESSIVE;
				CLANG_CXX_LANGUAGE_STANDARD = "gnu++20";
				CLANG_ENABLE_MODULES = YES;
				CLANG_ENABLE_OBJC_ARC = YES;
				CLANG_ENABLE_OBJC_WEAK = YES;
				CLANG_WARN_BLOCK_CAPTURE_AUTORELEASING = YES;
				CLANG_WARN_BOOL_CONVERSION = YES;
				CLANG_WARN_COMMA = YES;
				CLANG_WARN_CONSTANT_CONVERSION = YES;
				CLANG_WARN_DEPRECATED_OBJC_IMPLEMENTATIONS = YES;
				CLANG_WARN_DIRECT_OBJC_ISA_USAGE = YES_ERROR;
				CLANG_WARN_DOCUMENTATION_COMMENTS = YES;
				CLANG_WARN_EMPTY_BODY = YES;
				CLANG_WARN_ENUM_CONVERSION = YES;
				CLANG_WARN_INFINITE_RECURSION = YES;
				CLANG_WARN_INT_CONVERSION = YES;
				CLANG_WARN_NON_LITERAL_NULL_CONVERSION = YES;
				CLANG_WARN_OBJC_IMPLICIT_RETAIN_SELF = YES;
				CLANG_WARN_OBJC_LITERAL_CONVERSION = YES;
				CLANG_WARN_OBJC_ROOT_CLASS = YES_ERROR;
				CLANG_WARN_QUOTED_INCLUDE_IN_FRAMEWORK_HEADER = YES;
				CLANG_WARN_RANGE_LOOP_ANALYSIS = YES;
				CLANG_WARN_STRICT_PROTOTYPES = YES;
				CLANG_WARN_SUSPICIOUS_MOVE = YES;
				CLANG_WARN_UNGUARDED_AVAILABILITY = YES_AGGRESSIVE;
				CLANG_WARN_UNREACHABLE_CODE = YES;
				CLANG_WARN__DUPLICATE_METHOD_MATCH = YES;
				COPY_PHASE_STRIP = NO;
				DEBUG_INFORMATION_FORMAT = dwarf;
				ENABLE_STRICT_OBJC_MSGSEND = YES;
				ENABLE_TESTABILITY = YES;
				ENABLE_USER_SCRIPT_SANDBOXING = YES;
				GCC_C_LANGUAGE_STANDARD = gnu17;
				GCC_DYNAMIC_NO_PIC = NO;
				GCC_NO_COMMON_BLOCKS = YES;
				GCC_OPTIMIZATION_LEVEL = 0;
				GCC_PREPROCESSOR_DEFINITIONS = (
					"DEBUG=1",
					"$(inherited)",
				);
				GCC_WARN_64_TO_32_BIT_CONVERSION = YES;
				GCC_WARN_ABOUT_RETURN_TYPE = YES_ERROR;
				GCC_WARN_UNDECLARED_SELECTOR = YES;
				GCC_WARN_UNINITIALIZED_AUTOS = YES_AGGRESSIVE;
				GCC_WARN_UNUSED_FUNCTION = YES;
				GCC_WARN_UNUSED_VARIABLE = YES;
				IPHONEOS_DEPLOYMENT_TARGET = 17.5;
				LOCALIZATION_PREFERS_STRING_CATALOGS = YES;
				MTL_ENABLE_DEBUG_INFO = INCLUDE_SOURCE;
				MTL_FAST_MATH = YES;
				ONLY_ACTIVE_ARCH = YES;
				SDKROOT = iphoneos;
				SWIFT_ACTIVE_COMPILATION_CONDITIONS = "DEBUG $(inherited)";
				SWIFT_OPTIMIZATION_LEVEL = "-Onone";
			};
			name = Debug;
		};
		ABAC0CFA2C3CD68600A38E09 /* Release */ = {
			isa = XCBuildConfiguration;
			buildSettings = {
				ALWAYS_SEARCH_USER_PATHS = NO;
				ASSETCATALOG_COMPILER_GENERATE_SWIFT_ASSET_SYMBOL_EXTENSIONS = YES;
				CLANG_ANALYZER_NONNULL = YES;
				CLANG_ANALYZER_NUMBER_OBJECT_CONVERSION = YES_AGGRESSIVE;
				CLANG_CXX_LANGUAGE_STANDARD = "gnu++20";
				CLANG_ENABLE_MODULES = YES;
				CLANG_ENABLE_OBJC_ARC = YES;
				CLANG_ENABLE_OBJC_WEAK = YES;
				CLANG_WARN_BLOCK_CAPTURE_AUTORELEASING = YES;
				CLANG_WARN_BOOL_CONVERSION = YES;
				CLANG_WARN_COMMA = YES;
				CLANG_WARN_CONSTANT_CONVERSION = YES;
				CLANG_WARN_DEPRECATED_OBJC_IMPLEMENTATIONS = YES;
				CLANG_WARN_DIRECT_OBJC_ISA_USAGE = YES_ERROR;
				CLANG_WARN_DOCUMENTATION_COMMENTS = YES;
				CLANG_WARN_EMPTY_BODY = YES;
				CLANG_WARN_ENUM_CONVERSION = YES;
				CLANG_WARN_INFINITE_RECURSION = YES;
				CLANG_WARN_INT_CONVERSION = YES;
				CLANG_WARN_NON_LITERAL_NULL_CONVERSION = YES;
				CLANG_WARN_OBJC_IMPLICIT_RETAIN_SELF = YES;
				CLANG_WARN_OBJC_LITERAL_CONVERSION = YES;
				CLANG_WARN_OBJC_ROOT_CLASS = YES_ERROR;
				CLANG_WARN_QUOTED_INCLUDE_IN_FRAMEWORK_HEADER = YES;
				CLANG_WARN_RANGE_LOOP_ANALYSIS = YES;
				CLANG_WARN_STRICT_PROTOTYPES = YES;
				CLANG_WARN_SUSPICIOUS_MOVE = YES;
				CLANG_WARN_UNGUARDED_AVAILABILITY = YES_AGGRESSIVE;
				CLANG_WARN_UNREACHABLE_CODE = YES;
				CLANG_WARN__DUPLICATE_METHOD_MATCH = YES;
				COPY_PHASE_STRIP = NO;
				DEBUG_INFORMATION_FORMAT = "dwarf-with-dsym";
				ENABLE_NS_ASSERTIONS = NO;
				ENABLE_STRICT_OBJC_MSGSEND = YES;
				ENABLE_USER_SCRIPT_SANDBOXING = YES;
				GCC_C_LANGUAGE_STANDARD = gnu17;
				GCC_NO_COMMON_BLOCKS = YES;
				GCC_WARN_64_TO_32_BIT_CONVERSION = YES;
				GCC_WARN_ABOUT_RETURN_TYPE = YES_ERROR;
				GCC_WARN_UNDECLARED_SELECTOR = YES;
				GCC_WARN_UNINITIALIZED_AUTOS = YES_AGGRESSIVE;
				GCC_WARN_UNUSED_FUNCTION = YES;
				GCC_WARN_UNUSED_VARIABLE = YES;
				IPHONEOS_DEPLOYMENT_TARGET = 17.5;
				LOCALIZATION_PREFERS_STRING_CATALOGS = YES;
				MTL_ENABLE_DEBUG_INFO = NO;
				MTL_FAST_MATH = YES;
				SDKROOT = iphoneos;
				SWIFT_COMPILATION_MODE = wholemodule;
				VALIDATE_PRODUCT = YES;
			};
			name = Release;
		};
		ABAC0CFC2C3CD68600A38E09 /* Debug */ = {
			isa = XCBuildConfiguration;
			buildSettings = {
				ASSETCATALOG_COMPILER_APPICON_NAME = AppIcon;
				ASSETCATALOG_COMPILER_GLOBAL_ACCENT_COLOR_NAME = AccentColor;
				CODE_SIGN_STYLE = Automatic;
				CURRENT_PROJECT_VERSION = 1;
				DEVELOPMENT_ASSET_PATHS = "\"VisualTrace/Preview Content\"";
				DEVELOPMENT_TEAM = 34Z5KL838Q;
				ENABLE_PREVIEWS = YES;
				GENERATE_INFOPLIST_FILE = YES;
				INFOPLIST_KEY_UIApplicationSceneManifest_Generation = YES;
				INFOPLIST_KEY_UIApplicationSupportsIndirectInputEvents = YES;
				INFOPLIST_KEY_UILaunchScreen_Generation = YES;
				INFOPLIST_KEY_UISupportedInterfaceOrientations_iPad = "UIInterfaceOrientationPortrait UIInterfaceOrientationPortraitUpsideDown UIInterfaceOrientationLandscapeLeft UIInterfaceOrientationLandscapeRight";
				INFOPLIST_KEY_UISupportedInterfaceOrientations_iPhone = "UIInterfaceOrientationPortrait UIInterfaceOrientationLandscapeLeft UIInterfaceOrientationLandscapeRight";
				LD_RUNPATH_SEARCH_PATHS = (
					"$(inherited)",
					"@executable_path/Frameworks",
				);
				MARKETING_VERSION = 1.0;
				PRODUCT_BUNDLE_IDENTIFIER = "big-bro.VisualTrace";
				PRODUCT_NAME = "$(TARGET_NAME)";
				SWIFT_EMIT_LOC_STRINGS = YES;
				SWIFT_VERSION = 5.0;
				TARGETED_DEVICE_FAMILY = "1,2";
			};
			name = Debug;
		};
		ABAC0CFD2C3CD68600A38E09 /* Release */ = {
			isa = XCBuildConfiguration;
			buildSettings = {
				ASSETCATALOG_COMPILER_APPICON_NAME = AppIcon;
				ASSETCATALOG_COMPILER_GLOBAL_ACCENT_COLOR_NAME = AccentColor;
				CODE_SIGN_STYLE = Automatic;
				CURRENT_PROJECT_VERSION = 1;
				DEVELOPMENT_ASSET_PATHS = "\"VisualTrace/Preview Content\"";
				DEVELOPMENT_TEAM = 34Z5KL838Q;
				ENABLE_PREVIEWS = YES;
				GENERATE_INFOPLIST_FILE = YES;
				INFOPLIST_KEY_UIApplicationSceneManifest_Generation = YES;
				INFOPLIST_KEY_UIApplicationSupportsIndirectInputEvents = YES;
				INFOPLIST_KEY_UILaunchScreen_Generation = YES;
				INFOPLIST_KEY_UISupportedInterfaceOrientations_iPad = "UIInterfaceOrientationPortrait UIInterfaceOrientationPortraitUpsideDown UIInterfaceOrientationLandscapeLeft UIInterfaceOrientationLandscapeRight";
				INFOPLIST_KEY_UISupportedInterfaceOrientations_iPhone = "UIInterfaceOrientationPortrait UIInterfaceOrientationLandscapeLeft UIInterfaceOrientationLandscapeRight";
				LD_RUNPATH_SEARCH_PATHS = (
					"$(inherited)",
					"@executable_path/Frameworks",
				);
				MARKETING_VERSION = 1.0;
				PRODUCT_BUNDLE_IDENTIFIER = "big-bro.VisualTrace";
				PRODUCT_NAME = "$(TARGET_NAME)";
				SWIFT_EMIT_LOC_STRINGS = YES;
				SWIFT_VERSION = 5.0;
				TARGETED_DEVICE_FAMILY = "1,2";
			};
			name = Release;
		};
		ABAC0CFF2C3CD68600A38E09 /* Debug */ = {
			isa = XCBuildConfiguration;
			buildSettings = {
				ALWAYS_EMBED_SWIFT_STANDARD_LIBRARIES = YES;
				BUNDLE_LOADER = "$(TEST_HOST)";
				CODE_SIGN_STYLE = Automatic;
				CURRENT_PROJECT_VERSION = 1;
				DEVELOPMENT_TEAM = 34Z5KL838Q;
				GENERATE_INFOPLIST_FILE = YES;
				IPHONEOS_DEPLOYMENT_TARGET = 17.5;
				MARKETING_VERSION = 1.0;
				PRODUCT_BUNDLE_IDENTIFIER = "big-bro.VisualTraceTests";
				PRODUCT_NAME = "$(TARGET_NAME)";
				SWIFT_EMIT_LOC_STRINGS = NO;
				SWIFT_VERSION = 5.0;
				TARGETED_DEVICE_FAMILY = "1,2";
				TEST_HOST = "$(BUILT_PRODUCTS_DIR)/VisualTrace.app/$(BUNDLE_EXECUTABLE_FOLDER_PATH)/VisualTrace";
			};
			name = Debug;
		};
		ABAC0D002C3CD68600A38E09 /* Release */ = {
			isa = XCBuildConfiguration;
			buildSettings = {
				ALWAYS_EMBED_SWIFT_STANDARD_LIBRARIES = YES;
				BUNDLE_LOADER = "$(TEST_HOST)";
				CODE_SIGN_STYLE = Automatic;
				CURRENT_PROJECT_VERSION = 1;
				DEVELOPMENT_TEAM = 34Z5KL838Q;
				GENERATE_INFOPLIST_FILE = YES;
				IPHONEOS_DEPLOYMENT_TARGET = 17.5;
				MARKETING_VERSION = 1.0;
				PRODUCT_BUNDLE_IDENTIFIER = "big-bro.VisualTraceTests";
				PRODUCT_NAME = "$(TARGET_NAME)";
				SWIFT_EMIT_LOC_STRINGS = NO;
				SWIFT_VERSION = 5.0;
				TARGETED_DEVICE_FAMILY = "1,2";
				TEST_HOST = "$(BUILT_PRODUCTS_DIR)/VisualTrace.app/$(BUNDLE_EXECUTABLE_FOLDER_PATH)/VisualTrace";
			};
			name = Release;
		};
		ABAC0D022C3CD68600A38E09 /* Debug */ = {
			isa = XCBuildConfiguration;
			buildSettings = {
				ALWAYS_EMBED_SWIFT_STANDARD_LIBRARIES = YES;
				CODE_SIGN_STYLE = Automatic;
				CURRENT_PROJECT_VERSION = 1;
				DEVELOPMENT_TEAM = 34Z5KL838Q;
				GENERATE_INFOPLIST_FILE = YES;
				MARKETING_VERSION = 1.0;
				PRODUCT_BUNDLE_IDENTIFIER = "big-bro.VisualTraceUITests";
				PRODUCT_NAME = "$(TARGET_NAME)";
				SWIFT_EMIT_LOC_STRINGS = NO;
				SWIFT_VERSION = 5.0;
				TARGETED_DEVICE_FAMILY = "1,2";
				TEST_TARGET_NAME = VisualTrace;
			};
			name = Debug;
		};
		ABAC0D032C3CD68600A38E09 /* Release */ = {
			isa = XCBuildConfiguration;
			buildSettings = {
				ALWAYS_EMBED_SWIFT_STANDARD_LIBRARIES = YES;
				CODE_SIGN_STYLE = Automatic;
				CURRENT_PROJECT_VERSION = 1;
				DEVELOPMENT_TEAM = 34Z5KL838Q;
				GENERATE_INFOPLIST_FILE = YES;
				MARKETING_VERSION = 1.0;
				PRODUCT_BUNDLE_IDENTIFIER = "big-bro.VisualTraceUITests";
				PRODUCT_NAME = "$(TARGET_NAME)";
				SWIFT_EMIT_LOC_STRINGS = NO;
				SWIFT_VERSION = 5.0;
				TARGETED_DEVICE_FAMILY = "1,2";
				TEST_TARGET_NAME = VisualTrace;
			};
			name = Release;
		};
/* End XCBuildConfiguration section */

/* Begin XCConfigurationList section */
		ABAC0CD22C3CD68400A38E09 /* Build configuration list for PBXProject "VisualTrace" */ = {
			isa = XCConfigurationList;
			buildConfigurations = (
				ABAC0CF92C3CD68600A38E09 /* Debug */,
				ABAC0CFA2C3CD68600A38E09 /* Release */,
			);
			defaultConfigurationIsVisible = 0;
			defaultConfigurationName = Release;
		};
		ABAC0CFB2C3CD68600A38E09 /* Build configuration list for PBXNativeTarget "VisualTrace" */ = {
			isa = XCConfigurationList;
			buildConfigurations = (
				ABAC0CFC2C3CD68600A38E09 /* Debug */,
				ABAC0CFD2C3CD68600A38E09 /* Release */,
			);
			defaultConfigurationIsVisible = 0;
			defaultConfigurationName = Release;
		};
		ABAC0CFE2C3CD68600A38E09 /* Build configuration list for PBXNativeTarget "VisualTraceTests" */ = {
			isa = XCConfigurationList;
			buildConfigurations = (
				ABAC0CFF2C3CD68600A38E09 /* Debug */,
				ABAC0D002C3CD68600A38E09 /* Release */,
			);
			defaultConfigurationIsVisible = 0;
			defaultConfigurationName = Release;
		};
		ABAC0D012C3CD68600A38E09 /* Build configuration list for PBXNativeTarget "VisualTraceUITests" */ = {
			isa = XCConfigurationList;
			buildConfigurations = (
				ABAC0D022C3CD68600A38E09 /* Debug */,
				ABAC0D032C3CD68600A38E09 /* Release */,
			);
			defaultConfigurationIsVisible = 0;
			defaultConfigurationName = Release;
		};
/* End XCConfigurationList section */
	};
	rootObject = ABAC0CCF2C3CD68400A38E09 /* Project object */;
}
